
Microsoft Visual Studio Solution File, Format Version 12.00
# Visual Studio Version 16
VisualStudioVersion = 16.0.33927.289
MinimumVisualStudioVersion = 10.0.40219.1
Project("{2150E333-8FDC-42A3-9474-1A3956D46DE8}") = "Task0", "Task0", "{04A58F40-45D4-4A87-A076-7C2F6E552E2F}"
EndProject
Project("{FAE04EC0-301F-11D3-BF4B-00C04F79EFBC}") = "Tyuiu.IlyinME.Sprint1.Task0.V8", "Tyuiu.IlyinME.Sprint1.Task0.V8\Tyuiu.IlyinME.Sprint1.Task0.V8.csproj", "{B5951CF4-7908-4481-A12F-9E7EE8946F3B}"
EndProject
Project("{FAE04EC0-301F-11D3-BF4B-00C04F79EFBC}") = "Tyuiu.IlyinME.Sprint1.Task0.V8.Lib", "Tyuiu.IlyinME.Sprint1.Task0.V8.Lib\Tyuiu.IlyinME.Sprint1.Task0.V8.Lib.csproj", "{A6BF43B3-78E8-4F96-B477-134383F82446}"
EndProject
Project("{FAE04EC0-301F-11D3-BF4B-00C04F79EFBC}") = "Tyuiu.IlyinME.Sprint1.Task0.V8.Test", "Tyuiu.IlyinME.Sprint1.Task0.V8.Test\Tyuiu.IlyinME.Sprint1.Task0.V8.Test.csproj", "{CD9C63AD-CCF6-4146-8D11-15BEA27A7B48}"
EndProject
Project("{2150E333-8FDC-42A3-9474-1A3956D46DE8}") = "Task1", "Task1", "{227A843E-B857-44CF-ABD8-69461C7A2960}"
EndProject
Project("{FAE04EC0-301F-11D3-BF4B-00C04F79EFBC}") = "Tyuiu.IlyinME.Sprint1.Task1.V30", "Tyuiu.IlyinME.Sprint1.Task1.V30\Tyuiu.IlyinME.Sprint1.Task1.V30.csproj", "{0B8ACCB2-3F27-4C3F-85F5-4D3C81547C45}"
EndProject
Project("{FAE04EC0-301F-11D3-BF4B-00C04F79EFBC}") = "Tyuiu.IlyinME.Sprint1.Task1.V30.Lib", "Tyuiu.IlyinME.Sprint1.Task1.V30.Lib\Tyuiu.IlyinME.Sprint1.Task1.V30.Lib.csproj", "{10F02136-D35F-4092-9D03-BAC2F0A3E5A3}"
EndProject
Project("{FAE04EC0-301F-11D3-BF4B-00C04F79EFBC}") = "Tyuiu.IlyinME.Sprint1.Task1.V30.Test", "Tyuiu.IlyinME.Sprint1.Task1.V30.Test\Tyuiu.IlyinME.Sprint1.Task1.V30.Test.csproj", "{AAB00189-5AF3-4635-8E25-2A7F2F1C3868}"
EndProject
Project("{2150E333-8FDC-42A3-9474-1A3956D46DE8}") = "Task2", "Task2", "{C75E71BA-E691-41BB-9404-F5601DFAF986}"
EndProject
Project("{FAE04EC0-301F-11D3-BF4B-00C04F79EFBC}") = "Tyuiu.IlyinME.Sprint1.Task2.V15", "Tyuiu.IlyinME.Sprint1.Task2.V15\Tyuiu.IlyinME.Sprint1.Task2.V15.csproj", "{C20EE291-A947-4A56-87C2-BD2FC60C537C}"
EndProject
Project("{FAE04EC0-301F-11D3-BF4B-00C04F79EFBC}") = "Tyuiu.IlyinME.Sprint1.Task2.V15.Lib", "Tyuiu.IlyinME.Sprint1.Task2.V15.Lib\Tyuiu.IlyinME.Sprint1.Task2.V15.Lib.csproj", "{194A3117-A93A-43A7-9EB7-C81D13EC3B8C}"
EndProject
Project("{FAE04EC0-301F-11D3-BF4B-00C04F79EFBC}") = "Tyuiu.IlyinME.Sprint1.Task2.V15.Test", "Tyuiu.IlyinME.Sprint1.Task2.V15.Test\Tyuiu.IlyinME.Sprint1.Task2.V15.Test.csproj", "{E35BF02B-D2AC-408D-845D-CE2E2C93A889}"
EndProject
Project("{2150E333-8FDC-42A3-9474-1A3956D46DE8}") = "Task3", "Task3", "{BCC95EE7-DB13-44F2-B527-B4C8DF345127}"
EndProject
Project("{FAE04EC0-301F-11D3-BF4B-00C04F79EFBC}") = "Tyuiu.IlyinME.Sprint1.Task3.V7", "Tyuiu.IlyinME.Sprint1.Task3.V7\Tyuiu.IlyinME.Sprint1.Task3.V7.csproj", "{3724141F-17CE-419B-A357-31237A962371}"
EndProject
Project("{FAE04EC0-301F-11D3-BF4B-00C04F79EFBC}") = "Tyuiu.IlyinME.Sprint1.Task3.V7.Lib", "Tyuiu.IlyinME.Sprint1.Task3.V7.Lib\Tyuiu.IlyinME.Sprint1.Task3.V7.Lib.csproj", "{B63D435C-6DA4-4807-9DCF-09AB3759FDBA}"
EndProject
Project("{FAE04EC0-301F-11D3-BF4B-00C04F79EFBC}") = "Tyuiu.IlyinME.Sprint1.Task3.V7.Test", "Tyuiu.IlyinME.Sprint1.Task3.V7.Test\Tyuiu.IlyinME.Sprint1.Task3.V7.Test.csproj", "{C53FD119-BA37-4A0B-9496-1CE0EE49964B}"
EndProject
Project("{2150E333-8FDC-42A3-9474-1A3956D46DE8}") = "Task4", "Task4", "{5F7A5F62-BA6A-416E-8D09-EF48F0DC774F}"
EndProject
Project("{FAE04EC0-301F-11D3-BF4B-00C04F79EFBC}") = "Tyuiu.IlyinME.Sprint1.Task4.V1", "Tyuiu.IlyinME.Sprint1.Task4.V1\Tyuiu.IlyinME.Sprint1.Task4.V1.csproj", "{65A9B711-DF30-4C64-BA07-5E664630D971}"
EndProject
Project("{FAE04EC0-301F-11D3-BF4B-00C04F79EFBC}") = "Tyuiu.IlyinME.Sprint1.Task4.V1.Lib", "Tyuiu.IlyinME.Sprint1.Task4.V1.Lib\Tyuiu.IlyinME.Sprint1.Task4.V1.Lib.csproj", "{75E1C626-B6BE-4B12-9954-891AB19CCD79}"
EndProject
Project("{FAE04EC0-301F-11D3-BF4B-00C04F79EFBC}") = "Tyuiu.IlyinME.Sprint1.Task4.V1.Test", "Tyuiu.IlyinME.Sprint1.Task4.V1.Test\Tyuiu.IlyinME.Sprint1.Task4.V1.Test.csproj", "{42D7199D-A54F-4C85-85AD-E60C0EA5AAD2}"
EndProject
Project("{2150E333-8FDC-42A3-9474-1A3956D46DE8}") = "Task5", "Task5", "{876070E3-E725-49C5-8148-D74F1C5B9AEF}"
EndProject
Project("{FAE04EC0-301F-11D3-BF4B-00C04F79EFBC}") = "Tyuiu.IlyinME.Sprint1.Task5.V5", "Tyuiu.IlyinME.Sprint1.Task5.V5\Tyuiu.IlyinME.Sprint1.Task5.V5.csproj", "{16F66F18-DD15-4128-92FA-DD86043E5CFD}"
EndProject
Project("{FAE04EC0-301F-11D3-BF4B-00C04F79EFBC}") = "Tyuiu.IlyinME.Sprint1.Task5.V5.Lib", "Tyuiu.IlyinME.Sprint1.Task5.V5.Lib\Tyuiu.IlyinME.Sprint1.Task5.V5.Lib.csproj", "{372905FE-E337-413B-B153-BADD80426000}"
EndProject
Project("{FAE04EC0-301F-11D3-BF4B-00C04F79EFBC}") = "Tyuiu.IlyinME.Sprint1.Task5.V5.Test", "Tyuiu.IlyinME.Sprint1.Task5.V5.Test\Tyuiu.IlyinME.Sprint1.Task5.V5.Test.csproj", "{7B4CA19D-96FA-48A6-A914-6118745774F8}"
EndProject
Project("{2150E333-8FDC-42A3-9474-1A3956D46DE8}") = "Task6", "Task6", "{03AB4C36-BD60-476A-B3DC-14B83AE6982E}"
EndProject
Project("{FAE04EC0-301F-11D3-BF4B-00C04F79EFBC}") = "Tyuiu.IlyinME.Sprint1.Task6.V4", "Tyuiu.IlyinME.Sprint1.Task6.V4\Tyuiu.IlyinME.Sprint1.Task6.V4.csproj", "{159A9222-9668-4DA8-BF73-87CC2D272A6F}"
EndProject
Project("{FAE04EC0-301F-11D3-BF4B-00C04F79EFBC}") = "Tyuiu.IlyinME.Sprint1.Task6.V4.Lib", "Tyuiu.IlyinME.Sprint1.Task6.V4.Lib\Tyuiu.IlyinME.Sprint1.Task6.V4.Lib.csproj", "{D290786E-B0E2-4E4A-B06A-A30BED2B8F4E}"
EndProject
Project("{FAE04EC0-301F-11D3-BF4B-00C04F79EFBC}") = "Tyuiu.IlyinME.Sprint1.Task6.V4.Test", "Tyuiu.IlyinME.Sprint1.Task6.V4.Test\Tyuiu.IlyinME.Sprint1.Task6.V4.Test.csproj", "{FB57B81A-3D4C-4F00-98BB-35B96FC26D5A}"
EndProject
Project("{2150E333-8FDC-42A3-9474-1A3956D46DE8}") = "Task7", "Task7", "{11CF36B3-88C9-46B2-AC41-7FB7A0C2D9BE}"
EndProject
Project("{FAE04EC0-301F-11D3-BF4B-00C04F79EFBC}") = "Tyuiu.IlyinME.Sprint1.Task7.V10", "Tyuiu.IlyinME.Sprint1.Task7.V10\Tyuiu.IlyinME.Sprint1.Task7.V10.csproj", "{F7A6FA68-5358-40C8-AB30-FF95AAEC54BD}"
EndProject
Project("{FAE04EC0-301F-11D3-BF4B-00C04F79EFBC}") = "Tyuiu.IlyinME.Sprint1.Task7.V10.Lib", "Tyuiu.IlyinME.Sprint1.Task7.V10.Lib\Tyuiu.IlyinME.Sprint1.Task7.V10.Lib.csproj", "{A73DE38E-E2A2-476B-A988-D7064DC92BD5}"
EndProject
Project("{FAE04EC0-301F-11D3-BF4B-00C04F79EFBC}") = "Tyuiu.IlyinME.Sprint1.Task7.V10.Test", "Tyuiu.IlyinME.Sprint1.Task7.V10.Test\Tyuiu.IlyinME.Sprint1.Task7.V10.Test.csproj", "{11032A50-A7BE-4C47-AAC3-1BD84B7A093D}"
EndProject
Global
	GlobalSection(SolutionConfigurationPlatforms) = preSolution
		Debug|Any CPU = Debug|Any CPU
		Release|Any CPU = Release|Any CPU
	EndGlobalSection
	GlobalSection(ProjectConfigurationPlatforms) = postSolution
		{B5951CF4-7908-4481-A12F-9E7EE8946F3B}.Debug|Any CPU.ActiveCfg = Debug|Any CPU
		{B5951CF4-7908-4481-A12F-9E7EE8946F3B}.Debug|Any CPU.Build.0 = Debug|Any CPU
		{B5951CF4-7908-4481-A12F-9E7EE8946F3B}.Release|Any CPU.ActiveCfg = Release|Any CPU
		{B5951CF4-7908-4481-A12F-9E7EE8946F3B}.Release|Any CPU.Build.0 = Release|Any CPU
		{A6BF43B3-78E8-4F96-B477-134383F82446}.Debug|Any CPU.ActiveCfg = Debug|Any CPU
		{A6BF43B3-78E8-4F96-B477-134383F82446}.Debug|Any CPU.Build.0 = Debug|Any CPU
		{A6BF43B3-78E8-4F96-B477-134383F82446}.Release|Any CPU.ActiveCfg = Release|Any CPU
		{A6BF43B3-78E8-4F96-B477-134383F82446}.Release|Any CPU.Build.0 = Release|Any CPU
		{CD9C63AD-CCF6-4146-8D11-15BEA27A7B48}.Debug|Any CPU.ActiveCfg = Debug|Any CPU
		{CD9C63AD-CCF6-4146-8D11-15BEA27A7B48}.Debug|Any CPU.Build.0 = Debug|Any CPU
		{CD9C63AD-CCF6-4146-8D11-15BEA27A7B48}.Release|Any CPU.ActiveCfg = Release|Any CPU
		{CD9C63AD-CCF6-4146-8D11-15BEA27A7B48}.Release|Any CPU.Build.0 = Release|Any CPU
		{0B8ACCB2-3F27-4C3F-85F5-4D3C81547C45}.Debug|Any CPU.ActiveCfg = Debug|Any CPU
		{0B8ACCB2-3F27-4C3F-85F5-4D3C81547C45}.Debug|Any CPU.Build.0 = Debug|Any CPU
		{0B8ACCB2-3F27-4C3F-85F5-4D3C81547C45}.Release|Any CPU.ActiveCfg = Release|Any CPU
		{0B8ACCB2-3F27-4C3F-85F5-4D3C81547C45}.Release|Any CPU.Build.0 = Release|Any CPU
		{10F02136-D35F-4092-9D03-BAC2F0A3E5A3}.Debug|Any CPU.ActiveCfg = Debug|Any CPU
		{10F02136-D35F-4092-9D03-BAC2F0A3E5A3}.Debug|Any CPU.Build.0 = Debug|Any CPU
		{10F02136-D35F-4092-9D03-BAC2F0A3E5A3}.Release|Any CPU.ActiveCfg = Release|Any CPU
		{10F02136-D35F-4092-9D03-BAC2F0A3E5A3}.Release|Any CPU.Build.0 = Release|Any CPU
		{AAB00189-5AF3-4635-8E25-2A7F2F1C3868}.Debug|Any CPU.ActiveCfg = Debug|Any CPU
		{AAB00189-5AF3-4635-8E25-2A7F2F1C3868}.Debug|Any CPU.Build.0 = Debug|Any CPU
		{AAB00189-5AF3-4635-8E25-2A7F2F1C3868}.Release|Any CPU.ActiveCfg = Release|Any CPU
		{AAB00189-5AF3-4635-8E25-2A7F2F1C3868}.Release|Any CPU.Build.0 = Release|Any CPU
		{C20EE291-A947-4A56-87C2-BD2FC60C537C}.Debug|Any CPU.ActiveCfg = Debug|Any CPU
		{C20EE291-A947-4A56-87C2-BD2FC60C537C}.Debug|Any CPU.Build.0 = Debug|Any CPU
		{C20EE291-A947-4A56-87C2-BD2FC60C537C}.Release|Any CPU.ActiveCfg = Release|Any CPU
		{C20EE291-A947-4A56-87C2-BD2FC60C537C}.Release|Any CPU.Build.0 = Release|Any CPU
		{194A3117-A93A-43A7-9EB7-C81D13EC3B8C}.Debug|Any CPU.ActiveCfg = Debug|Any CPU
		{194A3117-A93A-43A7-9EB7-C81D13EC3B8C}.Debug|Any CPU.Build.0 = Debug|Any CPU
		{194A3117-A93A-43A7-9EB7-C81D13EC3B8C}.Release|Any CPU.ActiveCfg = Release|Any CPU
		{194A3117-A93A-43A7-9EB7-C81D13EC3B8C}.Release|Any CPU.Build.0 = Release|Any CPU
		{E35BF02B-D2AC-408D-845D-CE2E2C93A889}.Debug|Any CPU.ActiveCfg = Debug|Any CPU
		{E35BF02B-D2AC-408D-845D-CE2E2C93A889}.Debug|Any CPU.Build.0 = Debug|Any CPU
		{E35BF02B-D2AC-408D-845D-CE2E2C93A889}.Release|Any CPU.ActiveCfg = Release|Any CPU
		{E35BF02B-D2AC-408D-845D-CE2E2C93A889}.Release|Any CPU.Build.0 = Release|Any CPU
		{3724141F-17CE-419B-A357-31237A962371}.Debug|Any CPU.ActiveCfg = Debug|Any CPU
		{3724141F-17CE-419B-A357-31237A962371}.Debug|Any CPU.Build.0 = Debug|Any CPU
		{3724141F-17CE-419B-A357-31237A962371}.Release|Any CPU.ActiveCfg = Release|Any CPU
		{3724141F-17CE-419B-A357-31237A962371}.Release|Any CPU.Build.0 = Release|Any CPU
		{B63D435C-6DA4-4807-9DCF-09AB3759FDBA}.Debug|Any CPU.ActiveCfg = Debug|Any CPU
		{B63D435C-6DA4-4807-9DCF-09AB3759FDBA}.Debug|Any CPU.Build.0 = Debug|Any CPU
		{B63D435C-6DA4-4807-9DCF-09AB3759FDBA}.Release|Any CPU.ActiveCfg = Release|Any CPU
		{B63D435C-6DA4-4807-9DCF-09AB3759FDBA}.Release|Any CPU.Build.0 = Release|Any CPU
		{C53FD119-BA37-4A0B-9496-1CE0EE49964B}.Debug|Any CPU.ActiveCfg = Debug|Any CPU
		{C53FD119-BA37-4A0B-9496-1CE0EE49964B}.Debug|Any CPU.Build.0 = Debug|Any CPU
		{C53FD119-BA37-4A0B-9496-1CE0EE49964B}.Release|Any CPU.ActiveCfg = Release|Any CPU
		{C53FD119-BA37-4A0B-9496-1CE0EE49964B}.Release|Any CPU.Build.0 = Release|Any CPU
		{65A9B711-DF30-4C64-BA07-5E664630D971}.Debug|Any CPU.ActiveCfg = Debug|Any CPU
		{65A9B711-DF30-4C64-BA07-5E664630D971}.Debug|Any CPU.Build.0 = Debug|Any CPU
		{65A9B711-DF30-4C64-BA07-5E664630D971}.Release|Any CPU.ActiveCfg = Release|Any CPU
		{65A9B711-DF30-4C64-BA07-5E664630D971}.Release|Any CPU.Build.0 = Release|Any CPU
		{75E1C626-B6BE-4B12-9954-891AB19CCD79}.Debug|Any CPU.ActiveCfg = Debug|Any CPU
		{75E1C626-B6BE-4B12-9954-891AB19CCD79}.Debug|Any CPU.Build.0 = Debug|Any CPU
		{75E1C626-B6BE-4B12-9954-891AB19CCD79}.Release|Any CPU.ActiveCfg = Release|Any CPU
		{75E1C626-B6BE-4B12-9954-891AB19CCD79}.Release|Any CPU.Build.0 = Release|Any CPU
		{42D7199D-A54F-4C85-85AD-E60C0EA5AAD2}.Debug|Any CPU.ActiveCfg = Debug|Any CPU
		{42D7199D-A54F-4C85-85AD-E60C0EA5AAD2}.Debug|Any CPU.Build.0 = Debug|Any CPU
		{42D7199D-A54F-4C85-85AD-E60C0EA5AAD2}.Release|Any CPU.ActiveCfg = Release|Any CPU
		{42D7199D-A54F-4C85-85AD-E60C0EA5AAD2}.Release|Any CPU.Build.0 = Release|Any CPU
		{16F66F18-DD15-4128-92FA-DD86043E5CFD}.Debug|Any CPU.ActiveCfg = Debug|Any CPU
		{16F66F18-DD15-4128-92FA-DD86043E5CFD}.Debug|Any CPU.Build.0 = Debug|Any CPU
		{16F66F18-DD15-4128-92FA-DD86043E5CFD}.Release|Any CPU.ActiveCfg = Release|Any CPU
		{16F66F18-DD15-4128-92FA-DD86043E5CFD}.Release|Any CPU.Build.0 = Release|Any CPU
		{372905FE-E337-413B-B153-BADD80426000}.Debug|Any CPU.ActiveCfg = Debug|Any CPU
		{372905FE-E337-413B-B153-BADD80426000}.Debug|Any CPU.Build.0 = Debug|Any CPU
		{372905FE-E337-413B-B153-BADD80426000}.Release|Any CPU.ActiveCfg = Release|Any CPU
		{372905FE-E337-413B-B153-BADD80426000}.Release|Any CPU.Build.0 = Release|Any CPU
		{7B4CA19D-96FA-48A6-A914-6118745774F8}.Debug|Any CPU.ActiveCfg = Debug|Any CPU
		{7B4CA19D-96FA-48A6-A914-6118745774F8}.Debug|Any CPU.Build.0 = Debug|Any CPU
		{7B4CA19D-96FA-48A6-A914-6118745774F8}.Release|Any CPU.ActiveCfg = Release|Any CPU
		{7B4CA19D-96FA-48A6-A914-6118745774F8}.Release|Any CPU.Build.0 = Release|Any CPU
		{159A9222-9668-4DA8-BF73-87CC2D272A6F}.Debug|Any CPU.ActiveCfg = Debug|Any CPU
		{159A9222-9668-4DA8-BF73-87CC2D272A6F}.Debug|Any CPU.Build.0 = Debug|Any CPU
		{159A9222-9668-4DA8-BF73-87CC2D272A6F}.Release|Any CPU.ActiveCfg = Release|Any CPU
		{159A9222-9668-4DA8-BF73-87CC2D272A6F}.Release|Any CPU.Build.0 = Release|Any CPU
		{D290786E-B0E2-4E4A-B06A-A30BED2B8F4E}.Debug|Any CPU.ActiveCfg = Debug|Any CPU
		{D290786E-B0E2-4E4A-B06A-A30BED2B8F4E}.Debug|Any CPU.Build.0 = Debug|Any CPU
		{D290786E-B0E2-4E4A-B06A-A30BED2B8F4E}.Release|Any CPU.ActiveCfg = Release|Any CPU
		{D290786E-B0E2-4E4A-B06A-A30BED2B8F4E}.Release|Any CPU.Build.0 = Release|Any CPU
		{FB57B81A-3D4C-4F00-98BB-35B96FC26D5A}.Debug|Any CPU.ActiveCfg = Debug|Any CPU
		{FB57B81A-3D4C-4F00-98BB-35B96FC26D5A}.Debug|Any CPU.Build.0 = Debug|Any CPU
		{FB57B81A-3D4C-4F00-98BB-35B96FC26D5A}.Release|Any CPU.ActiveCfg = Release|Any CPU
		{FB57B81A-3D4C-4F00-98BB-35B96FC26D5A}.Release|Any CPU.Build.0 = Release|Any CPU
		{F7A6FA68-5358-40C8-AB30-FF95AAEC54BD}.Debug|Any CPU.ActiveCfg = Debug|Any CPU
		{F7A6FA68-5358-40C8-AB30-FF95AAEC54BD}.Debug|Any CPU.Build.0 = Debug|Any CPU
		{F7A6FA68-5358-40C8-AB30-FF95AAEC54BD}.Release|Any CPU.ActiveCfg = Release|Any CPU
		{F7A6FA68-5358-40C8-AB30-FF95AAEC54BD}.Release|Any CPU.Build.0 = Release|Any CPU
		{A73DE38E-E2A2-476B-A988-D7064DC92BD5}.Debug|Any CPU.ActiveCfg = Debug|Any CPU
		{A73DE38E-E2A2-476B-A988-D7064DC92BD5}.Debug|Any CPU.Build.0 = Debug|Any CPU
		{A73DE38E-E2A2-476B-A988-D7064DC92BD5}.Release|Any CPU.ActiveCfg = Release|Any CPU
		{A73DE38E-E2A2-476B-A988-D7064DC92BD5}.Release|Any CPU.Build.0 = Release|Any CPU
		{11032A50-A7BE-4C47-AAC3-1BD84B7A093D}.Debug|Any CPU.ActiveCfg = Debug|Any CPU
		{11032A50-A7BE-4C47-AAC3-1BD84B7A093D}.Debug|Any CPU.Build.0 = Debug|Any CPU
		{11032A50-A7BE-4C47-AAC3-1BD84B7A093D}.Release|Any CPU.ActiveCfg = Release|Any CPU
		{11032A50-A7BE-4C47-AAC3-1BD84B7A093D}.Release|Any CPU.Build.0 = Release|Any CPU
	EndGlobalSection
	GlobalSection(SolutionProperties) = preSolution
		HideSolutionNode = FALSE
	EndGlobalSection
	GlobalSection(NestedProjects) = preSolution
		{B5951CF4-7908-4481-A12F-9E7EE8946F3B} = {04A58F40-45D4-4A87-A076-7C2F6E552E2F}
		{A6BF43B3-78E8-4F96-B477-134383F82446} = {04A58F40-45D4-4A87-A076-7C2F6E552E2F}
		{CD9C63AD-CCF6-4146-8D11-15BEA27A7B48} = {04A58F40-45D4-4A87-A076-7C2F6E552E2F}
		{0B8ACCB2-3F27-4C3F-85F5-4D3C81547C45} = {227A843E-B857-44CF-ABD8-69461C7A2960}
		{10F02136-D35F-4092-9D03-BAC2F0A3E5A3} = {227A843E-B857-44CF-ABD8-69461C7A2960}
		{AAB00189-5AF3-4635-8E25-2A7F2F1C3868} = {227A843E-B857-44CF-ABD8-69461C7A2960}
		{C20EE291-A947-4A56-87C2-BD2FC60C537C} = {C75E71BA-E691-41BB-9404-F5601DFAF986}
		{194A3117-A93A-43A7-9EB7-C81D13EC3B8C} = {C75E71BA-E691-41BB-9404-F5601DFAF986}
		{E35BF02B-D2AC-408D-845D-CE2E2C93A889} = {C75E71BA-E691-41BB-9404-F5601DFAF986}
		{3724141F-17CE-419B-A357-31237A962371} = {BCC95EE7-DB13-44F2-B527-B4C8DF345127}
		{B63D435C-6DA4-4807-9DCF-09AB3759FDBA} = {BCC95EE7-DB13-44F2-B527-B4C8DF345127}
		{C53FD119-BA37-4A0B-9496-1CE0EE49964B} = {BCC95EE7-DB13-44F2-B527-B4C8DF345127}
		{65A9B711-DF30-4C64-BA07-5E664630D971} = {5F7A5F62-BA6A-416E-8D09-EF48F0DC774F}
		{75E1C626-B6BE-4B12-9954-891AB19CCD79} = {5F7A5F62-BA6A-416E-8D09-EF48F0DC774F}
		{42D7199D-A54F-4C85-85AD-E60C0EA5AAD2} = {5F7A5F62-BA6A-416E-8D09-EF48F0DC774F}
		{16F66F18-DD15-4128-92FA-DD86043E5CFD} = {876070E3-E725-49C5-8148-D74F1C5B9AEF}
		{372905FE-E337-413B-B153-BADD80426000} = {876070E3-E725-49C5-8148-D74F1C5B9AEF}
		{7B4CA19D-96FA-48A6-A914-6118745774F8} = {876070E3-E725-49C5-8148-D74F1C5B9AEF}
		{159A9222-9668-4DA8-BF73-87CC2D272A6F} = {03AB4C36-BD60-476A-B3DC-14B83AE6982E}
		{D290786E-B0E2-4E4A-B06A-A30BED2B8F4E} = {03AB4C36-BD60-476A-B3DC-14B83AE6982E}
		{FB57B81A-3D4C-4F00-98BB-35B96FC26D5A} = {03AB4C36-BD60-476A-B3DC-14B83AE6982E}
		{F7A6FA68-5358-40C8-AB30-FF95AAEC54BD} = {11CF36B3-88C9-46B2-AC41-7FB7A0C2D9BE}
		{A73DE38E-E2A2-476B-A988-D7064DC92BD5} = {11CF36B3-88C9-46B2-AC41-7FB7A0C2D9BE}
		{11032A50-A7BE-4C47-AAC3-1BD84B7A093D} = {11CF36B3-88C9-46B2-AC41-7FB7A0C2D9BE}
	EndGlobalSection
	GlobalSection(ExtensibilityGlobals) = postSolution
		SolutionGuid = {FBC96AB3-4D9E-4D9E-A2A0-62D078D4FC58}
	EndGlobalSection
EndGlobal
