
Microsoft Visual Studio Solution File, Format Version 12.00
# Visual Studio Version 16
VisualStudioVersion = 16.0.33927.289
MinimumVisualStudioVersion = 10.0.40219.1
Project("{2150E333-8FDC-42A3-9474-1A3956D46DE8}") = "Task0", "Task0", "{04A58F40-45D4-4A87-A076-7C2F6E552E2F}"
EndProject
Project("{FAE04EC0-301F-11D3-BF4B-00C04F79EFBC}") = "Tyuiu.IlyinME.Sprint1.Task0.V8", "Tyuiu.IlyinME.Sprint1.Task0.V8\Tyuiu.IlyinME.Sprint1.Task0.V8.csproj", "{B5951CF4-7908-4481-A12F-9E7EE8946F3B}"
EndProject
Project("{FAE04EC0-301F-11D3-BF4B-00C04F79EFBC}") = "Tyuiu.IlyinME.Sprint1.Task0.V8.Lib", "Tyuiu.IlyinME.Sprint1.Task0.V8.Lib\Tyuiu.IlyinME.Sprint1.Task0.V8.Lib.csproj", "{A6BF43B3-78E8-4F96-B477-134383F82446}"
EndProject
Project("{FAE04EC0-301F-11D3-BF4B-00C04F79EFBC}") = "Tyuiu.IlyinME.Sprint1.Task0.V8.Test", "Tyuiu.IlyinME.Sprint1.Task0.V8.Test\Tyuiu.IlyinME.Sprint1.Task0.V8.Test.csproj", "{CD9C63AD-CCF6-4146-8D11-15BEA27A7B48}"
EndProject
Project("{2150E333-8FDC-42A3-9474-1A3956D46DE8}") = "Task1", "Task1", "{227A843E-B857-44CF-ABD8-69461C7A2960}"
EndProject
Project("{FAE04EC0-301F-11D3-BF4B-00C04F79EFBC}") = "Tyuiu.IlyinME.Sprint1.Task1.V30", "Tyuiu.IlyinME.Sprint1.Task1.V30\Tyuiu.IlyinME.Sprint1.Task1.V30.csproj", "{0B8ACCB2-3F27-4C3F-85F5-4D3C81547C45}"
EndProject
Project("{FAE04EC0-301F-11D3-BF4B-00C04F79EFBC}") = "Tyuiu.IlyinME.Sprint1.Task1.V30.Lib", "Tyuiu.IlyinME.Sprint1.Task1.V30.Lib\Tyuiu.IlyinME.Sprint1.Task1.V30.Lib.csproj", "{10F02136-D35F-4092-9D03-BAC2F0A3E5A3}"
EndProject
Project("{FAE04EC0-301F-11D3-BF4B-00C04F79EFBC}") = "Tyuiu.IlyinME.Sprint1.Task1.V30.Test", "Tyuiu.IlyinME.Sprint1.Task1.V30.Test\Tyuiu.IlyinME.Sprint1.Task1.V30.Test.csproj", "{AAB00189-5AF3-4635-8E25-2A7F2F1C3868}"
EndProject
Global
	GlobalSection(SolutionConfigurationPlatforms) = preSolution
		Debug|Any CPU = Debug|Any CPU
		Release|Any CPU = Release|Any CPU
	EndGlobalSection
	GlobalSection(ProjectConfigurationPlatforms) = postSolution
		{B5951CF4-7908-4481-A12F-9E7EE8946F3B}.Debug|Any CPU.ActiveCfg = Debug|Any CPU
		{B5951CF4-7908-4481-A12F-9E7EE8946F3B}.Debug|Any CPU.Build.0 = Debug|Any CPU
		{B5951CF4-7908-4481-A12F-9E7EE8946F3B}.Release|Any CPU.ActiveCfg = Release|Any CPU
		{B5951CF4-7908-4481-A12F-9E7EE8946F3B}.Release|Any CPU.Build.0 = Release|Any CPU
		{A6BF43B3-78E8-4F96-B477-134383F82446}.Debug|Any CPU.ActiveCfg = Debug|Any CPU
		{A6BF43B3-78E8-4F96-B477-134383F82446}.Debug|Any CPU.Build.0 = Debug|Any CPU
		{A6BF43B3-78E8-4F96-B477-134383F82446}.Release|Any CPU.ActiveCfg = Release|Any CPU
		{A6BF43B3-78E8-4F96-B477-134383F82446}.Release|Any CPU.Build.0 = Release|Any CPU
		{CD9C63AD-CCF6-4146-8D11-15BEA27A7B48}.Debug|Any CPU.ActiveCfg = Debug|Any CPU
		{CD9C63AD-CCF6-4146-8D11-15BEA27A7B48}.Debug|Any CPU.Build.0 = Debug|Any CPU
		{CD9C63AD-CCF6-4146-8D11-15BEA27A7B48}.Release|Any CPU.ActiveCfg = Release|Any CPU
		{CD9C63AD-CCF6-4146-8D11-15BEA27A7B48}.Release|Any CPU.Build.0 = Release|Any CPU
		{0B8ACCB2-3F27-4C3F-85F5-4D3C81547C45}.Debug|Any CPU.ActiveCfg = Debug|Any CPU
		{0B8ACCB2-3F27-4C3F-85F5-4D3C81547C45}.Debug|Any CPU.Build.0 = Debug|Any CPU
		{0B8ACCB2-3F27-4C3F-85F5-4D3C81547C45}.Release|Any CPU.ActiveCfg = Release|Any CPU
		{0B8ACCB2-3F27-4C3F-85F5-4D3C81547C45}.Release|Any CPU.Build.0 = Release|Any CPU
		{10F02136-D35F-4092-9D03-BAC2F0A3E5A3}.Debug|Any CPU.ActiveCfg = Debug|Any CPU
		{10F02136-D35F-4092-9D03-BAC2F0A3E5A3}.Debug|Any CPU.Build.0 = Debug|Any CPU
		{10F02136-D35F-4092-9D03-BAC2F0A3E5A3}.Release|Any CPU.ActiveCfg = Release|Any CPU
		{10F02136-D35F-4092-9D03-BAC2F0A3E5A3}.Release|Any CPU.Build.0 = Release|Any CPU
		{AAB00189-5AF3-4635-8E25-2A7F2F1C3868}.Debug|Any CPU.ActiveCfg = Debug|Any CPU
		{AAB00189-5AF3-4635-8E25-2A7F2F1C3868}.Debug|Any CPU.Build.0 = Debug|Any CPU
		{AAB00189-5AF3-4635-8E25-2A7F2F1C3868}.Release|Any CPU.ActiveCfg = Release|Any CPU
		{AAB00189-5AF3-4635-8E25-2A7F2F1C3868}.Release|Any CPU.Build.0 = Release|Any CPU
	EndGlobalSection
	GlobalSection(SolutionProperties) = preSolution
		HideSolutionNode = FALSE
	EndGlobalSection
	GlobalSection(NestedProjects) = preSolution
		{B5951CF4-7908-4481-A12F-9E7EE8946F3B} = {04A58F40-45D4-4A87-A076-7C2F6E552E2F}
		{A6BF43B3-78E8-4F96-B477-134383F82446} = {04A58F40-45D4-4A87-A076-7C2F6E552E2F}
		{CD9C63AD-CCF6-4146-8D11-15BEA27A7B48} = {04A58F40-45D4-4A87-A076-7C2F6E552E2F}
		{0B8ACCB2-3F27-4C3F-85F5-4D3C81547C45} = {227A843E-B857-44CF-ABD8-69461C7A2960}
		{10F02136-D35F-4092-9D03-BAC2F0A3E5A3} = {227A843E-B857-44CF-ABD8-69461C7A2960}
		{AAB00189-5AF3-4635-8E25-2A7F2F1C3868} = {227A843E-B857-44CF-ABD8-69461C7A2960}
	EndGlobalSection
	GlobalSection(ExtensibilityGlobals) = postSolution
		SolutionGuid = {FBC96AB3-4D9E-4D9E-A2A0-62D078D4FC58}
	EndGlobalSection
EndGlobal
